
Microsoft Visual Studio Solution File, Format Version 12.00
# Visual Studio Version 17
VisualStudioVersion = 17.0.31903.59
MinimumVisualStudioVersion = 10.0.40219.1
Project("{2150E333-8FDC-42A3-9474-1A3956D46DE8}") = "apps", "apps", "{EB60EEEE-1FE2-41EC-B132-78F427F88D51}"
EndProject
Project("{FAE04EC0-301F-11D3-BF4B-00C04F79EFBC}") = "CalculatorApp", "apps\CalculatorApp\CalculatorApp.csproj", "{93E1740B-4F08-4092-853B-18C6955FDC09}"
EndProject
Global
	GlobalSection(SolutionConfigurationPlatforms) = preSolution
		Debug|Any CPU = Debug|Any CPU
		Release|Any CPU = Release|Any CPU
	EndGlobalSection
	GlobalSection(SolutionProperties) = preSolution
		HideSolutionNode = FALSE
	EndGlobalSection
	GlobalSection(ProjectConfigurationPlatforms) = postSolution
		{93E1740B-4F08-4092-853B-18C6955FDC09}.Debug|Any CPU.ActiveCfg = Debug|Any CPU
		{93E1740B-4F08-4092-853B-18C6955FDC09}.Debug|Any CPU.Build.0 = Debug|Any CPU
		{93E1740B-4F08-4092-853B-18C6955FDC09}.Release|Any CPU.ActiveCfg = Release|Any CPU
		{93E1740B-4F08-4092-853B-18C6955FDC09}.Release|Any CPU.Build.0 = Release|Any CPU
	EndGlobalSection
	GlobalSection(NestedProjects) = preSolution
		{93E1740B-4F08-4092-853B-18C6955FDC09} = {EB60EEEE-1FE2-41EC-B132-78F427F88D51}
	EndGlobalSection
EndGlobal
